
Microsoft Visual Studio Solution File, Format Version 12.00
# Visual Studio Version 16
VisualStudioVersion = 25.0.1705.6
MinimumVisualStudioVersion = 10.0.40219.1
Project("{FAE04EC0-301F-11D3-BF4B-00C04F79EFBC}") = "gambling-sport", "gambling-sport\gambling-sport.csproj", "{7AECFF7C-DA72-4200-95CE-6F7A692DBDDF}"
EndProject
Project("{FAE04EC0-301F-11D3-BF4B-00C04F79EFBC}") = "gambling-sport-member", "gambling-sport-member\gambling-sport-member.csproj", "{A2B7425E-3C30-4BBB-87A8-3543AD582411}"
EndProject
Project("{FAE04EC0-301F-11D3-BF4B-00C04F79EFBC}") = "gambling-sport-bet", "gambling-sport-bet\gambling-sport-bet.csproj", "{51F16BEA-1EBB-41CB-A4AF-5B5B693654D4}"
EndProject
Project("{FAE04EC0-301F-11D3-BF4B-00C04F79EFBC}") = "gambling-sport-game", "gambling-sport-game\gambling-sport-game.csproj", "{4E849660-DBE5-4820-BE54-715DC3F33A6B}"
EndProject
Project("{E53339B2-1760-4266-BCC7-CA923CBCF16C}") = "docker-compose", "docker-compose.dcproj", "{F6349EA1-FD53-4904-9890-1DE70247274F}"
EndProject
Global
	GlobalSection(SolutionConfigurationPlatforms) = preSolution
		Debug|Any CPU = Debug|Any CPU
		Release|Any CPU = Release|Any CPU
	EndGlobalSection
	GlobalSection(ProjectConfigurationPlatforms) = postSolution
		{7AECFF7C-DA72-4200-95CE-6F7A692DBDDF}.Debug|Any CPU.ActiveCfg = Debug|Any CPU
		{7AECFF7C-DA72-4200-95CE-6F7A692DBDDF}.Debug|Any CPU.Build.0 = Debug|Any CPU
		{7AECFF7C-DA72-4200-95CE-6F7A692DBDDF}.Release|Any CPU.ActiveCfg = Release|Any CPU
		{7AECFF7C-DA72-4200-95CE-6F7A692DBDDF}.Release|Any CPU.Build.0 = Release|Any CPU
		{A2B7425E-3C30-4BBB-87A8-3543AD582411}.Debug|Any CPU.ActiveCfg = Debug|Any CPU
		{A2B7425E-3C30-4BBB-87A8-3543AD582411}.Debug|Any CPU.Build.0 = Debug|Any CPU
		{A2B7425E-3C30-4BBB-87A8-3543AD582411}.Release|Any CPU.ActiveCfg = Release|Any CPU
		{A2B7425E-3C30-4BBB-87A8-3543AD582411}.Release|Any CPU.Build.0 = Release|Any CPU
		{51F16BEA-1EBB-41CB-A4AF-5B5B693654D4}.Debug|Any CPU.ActiveCfg = Debug|Any CPU
		{51F16BEA-1EBB-41CB-A4AF-5B5B693654D4}.Debug|Any CPU.Build.0 = Debug|Any CPU
		{51F16BEA-1EBB-41CB-A4AF-5B5B693654D4}.Release|Any CPU.ActiveCfg = Release|Any CPU
		{51F16BEA-1EBB-41CB-A4AF-5B5B693654D4}.Release|Any CPU.Build.0 = Release|Any CPU
		{4E849660-DBE5-4820-BE54-715DC3F33A6B}.Debug|Any CPU.ActiveCfg = Debug|Any CPU
		{4E849660-DBE5-4820-BE54-715DC3F33A6B}.Debug|Any CPU.Build.0 = Debug|Any CPU
		{4E849660-DBE5-4820-BE54-715DC3F33A6B}.Release|Any CPU.ActiveCfg = Release|Any CPU
		{4E849660-DBE5-4820-BE54-715DC3F33A6B}.Release|Any CPU.Build.0 = Release|Any CPU
		{F6349EA1-FD53-4904-9890-1DE70247274F}.Debug|Any CPU.ActiveCfg = Debug|Any CPU
		{F6349EA1-FD53-4904-9890-1DE70247274F}.Debug|Any CPU.Build.0 = Debug|Any CPU
		{F6349EA1-FD53-4904-9890-1DE70247274F}.Release|Any CPU.ActiveCfg = Release|Any CPU
		{F6349EA1-FD53-4904-9890-1DE70247274F}.Release|Any CPU.Build.0 = Release|Any CPU
	EndGlobalSection
	GlobalSection(SolutionProperties) = preSolution
		HideSolutionNode = FALSE
	EndGlobalSection
	GlobalSection(ExtensibilityGlobals) = postSolution
		SolutionGuid = {CF3B7B89-6572-452E-A104-21D5F1DD2369}
	EndGlobalSection
EndGlobal
